Microsoft Visual Studio Solution File, Format Version 12.00
# Visual Studio Version 17
VisualStudioVersion = 17.5.2.0
MinimumVisualStudioVersion = 10.0.40219.1
Project("{FAE04EC0-301F-11D3-BF4B-00C04F79EFBC}") = "CPFServeless", "CPFServeless\CPFServeless.csproj", "{F860DB3E-1543-C7EF-5D4A-72F97184001A}"
EndProject
Global
	GlobalSection(SolutionConfigurationPlatforms) = preSolution
		Debug|Any CPU = Debug|Any CPU
		Release|Any CPU = Release|Any CPU
	EndGlobalSection
	GlobalSection(ProjectConfigurationPlatforms) = postSolution
		{F860DB3E-1543-C7EF-5D4A-72F97184001A}.Debug|Any CPU.ActiveCfg = Debug|Any CPU
		{F860DB3E-1543-C7EF-5D4A-72F97184001A}.Debug|Any CPU.Build.0 = Debug|Any CPU
		{F860DB3E-1543-C7EF-5D4A-72F97184001A}.Release|Any CPU.ActiveCfg = Release|Any CPU
		{F860DB3E-1543-C7EF-5D4A-72F97184001A}.Release|Any CPU.Build.0 = Release|Any CPU
	EndGlobalSection
	GlobalSection(SolutionProperties) = preSolution
		HideSolutionNode = FALSE
	EndGlobalSection
	GlobalSection(ExtensibilityGlobals) = postSolution
		SolutionGuid = {6ABC484E-4BFE-4853-AAE3-6E2203C35EF7}
	EndGlobalSection
EndGlobal
